PODS:
  - Alamofire (4.0.1)
  - ReSwift (2.1.0)

DEPENDENCIES:
  - Alamofire (~> 4.0)
  - ReSwift

SPEC CHECKSUMS:
  Alamofire: 7682d43245de14874acd142ec137b144aa1dd335
  ReSwift: c13b76cb963c5ab2a137c9c6e74823cef4b81588

PODFILE CHECKSUM: 1f513c17582100773b053fd55e32dff759911e43

COCOAPODS: 1.1.0.rc.2
