// !$*UTF8*$!
{
	archiveVersion = 1;
	classes = {
	};
	objectVersion = 46;
	objects = {

/* Begin PBXBuildFile section */
		BA035F991D97C60D00B616AB /* TitanKit.h in Headers */ = {isa = PBXBuildFile; fileRef = BA035F971D97C60D00B616AB /* TitanKit.h */; settings = {ATTRIBUTES = (Public, ); }; };
		BA035FA81D97C62B00B616AB /* TitanKit iOS.h in Headers */ = {isa = PBXBuildFile; fileRef = BA035FA61D97C62B00B616AB /* TitanKit iOS.h */; settings = {ATTRIBUTES = (Public, ); }; };
		BA035FAE1D97C86200B616AB /* Network.swift in Sources */ = {isa = PBXBuildFile; fileRef = BA035FAD1D97C86200B616AB /* Network.swift */; };
		BA035FAF1D97C86200B616AB /* Network.swift in Sources */ = {isa = PBXBuildFile; fileRef = BA035FAD1D97C86200B616AB /* Network.swift */; };
		BA035FE71D980CC600B616AB /* libpq.framework in Frameworks */ = {isa = PBXBuildFile; fileRef = BA035FE61D980CC600B616AB /* libpq.framework */; };
		BA035FE81D980CC600B616AB /* libpq.framework in Frameworks */ = {isa = PBXBuildFile; fileRef = BA035FE61D980CC600B616AB /* libpq.framework */; };
		BA03600E1D98CC3200B616AB /* TitanKitTests.swift in Sources */ = {isa = PBXBuildFile; fileRef = BA03600D1D98CC3200B616AB /* TitanKitTests.swift */; };
		BA0360101D98CC3200B616AB /* TitanKit.framework in Frameworks */ = {isa = PBXBuildFile; fileRef = BA035F941D97C60D00B616AB /* TitanKit.framework */; };
		BA03601D1D98CC4100B616AB /* TitanKitiOSTests.swift in Sources */ = {isa = PBXBuildFile; fileRef = BA03601C1D98CC4100B616AB /* TitanKitiOSTests.swift */; };
		BA03601F1D98CC4100B616AB /* TitanKit.framework in Frameworks */ = {isa = PBXBuildFile; fileRef = BA035FA41D97C62B00B616AB /* TitanKit.framework */; };
		BAA0AA891D998AAD00A86A6E /* Byteswap.swift in Sources */ = {isa = PBXBuildFile; fileRef = BAA0AA811D998AAD00A86A6E /* Byteswap.swift */; };
		BAA0AA8A1D998AAD00A86A6E /* Byteswap.swift in Sources */ = {isa = PBXBuildFile; fileRef = BAA0AA811D998AAD00A86A6E /* Byteswap.swift */; };
		BAA0AA8B1D998AAD00A86A6E /* Byteswap.swift in Sources */ = {isa = PBXBuildFile; fileRef = BAA0AA811D998AAD00A86A6E /* Byteswap.swift */; };
		BAA0AA8C1D998AAD00A86A6E /* Byteswap.swift in Sources */ = {isa = PBXBuildFile; fileRef = BAA0AA811D998AAD00A86A6E /* Byteswap.swift */; };
		BAA0AA8D1D998AAD00A86A6E /* Connection.swift in Sources */ = {isa = PBXBuildFile; fileRef = BAA0AA821D998AAD00A86A6E /* Connection.swift */; };
		BAA0AA8E1D998AAD00A86A6E /* Connection.swift in Sources */ = {isa = PBXBuildFile; fileRef = BAA0AA821D998AAD00A86A6E /* Connection.swift */; };
		BAA0AA8F1D998AAD00A86A6E /* Connection.swift in Sources */ = {isa = PBXBuildFile; fileRef = BAA0AA821D998AAD00A86A6E /* Connection.swift */; };
		BAA0AA901D998AAD00A86A6E /* Connection.swift in Sources */ = {isa = PBXBuildFile; fileRef = BAA0AA821D998AAD00A86A6E /* Connection.swift */; };
		BAA0AA911D998AAD00A86A6E /* ConnectionParameters.swift in Sources */ = {isa = PBXBuildFile; fileRef = BAA0AA831D998AAD00A86A6E /* ConnectionParameters.swift */; };
		BAA0AA921D998AAD00A86A6E /* ConnectionParameters.swift in Sources */ = {isa = PBXBuildFile; fileRef = BAA0AA831D998AAD00A86A6E /* ConnectionParameters.swift */; };
		BAA0AA931D998AAD00A86A6E /* ConnectionParameters.swift in Sources */ = {isa = PBXBuildFile; fileRef = BAA0AA831D998AAD00A86A6E /* ConnectionParameters.swift */; };
		BAA0AA941D998AAD00A86A6E /* ConnectionParameters.swift in Sources */ = {isa = PBXBuildFile; fileRef = BAA0AA831D998AAD00A86A6E /* ConnectionParameters.swift */; };
		BAA0AA951D998AAD00A86A6E /* Database.swift in Sources */ = {isa = PBXBuildFile; fileRef = BAA0AA841D998AAD00A86A6E /* Database.swift */; };
		BAA0AA961D998AAD00A86A6E /* Database.swift in Sources */ = {isa = PBXBuildFile; fileRef = BAA0AA841D998AAD00A86A6E /* Database.swift */; };
		BAA0AA971D998AAD00A86A6E /* Database.swift in Sources */ = {isa = PBXBuildFile; fileRef = BAA0AA841D998AAD00A86A6E /* Database.swift */; };
		BAA0AA981D998AAD00A86A6E /* Database.swift in Sources */ = {isa = PBXBuildFile; fileRef = BAA0AA841D998AAD00A86A6E /* Database.swift */; };
		BAA0AA991D998AAD00A86A6E /* Parameter.swift in Sources */ = {isa = PBXBuildFile; fileRef = BAA0AA851D998AAD00A86A6E /* Parameter.swift */; };
		BAA0AA9A1D998AAD00A86A6E /* Parameter.swift in Sources */ = {isa = PBXBuildFile; fileRef = BAA0AA851D998AAD00A86A6E /* Parameter.swift */; };
		BAA0AA9B1D998AAD00A86A6E /* Parameter.swift in Sources */ = {isa = PBXBuildFile; fileRef = BAA0AA851D998AAD00A86A6E /* Parameter.swift */; };
		BAA0AA9C1D998AAD00A86A6E /* Parameter.swift in Sources */ = {isa = PBXBuildFile; fileRef = BAA0AA851D998AAD00A86A6E /* Parameter.swift */; };
		BAA0AA9D1D998AAD00A86A6E /* Query.swift in Sources */ = {isa = PBXBuildFile; fileRef = BAA0AA861D998AAD00A86A6E /* Query.swift */; };
		BAA0AA9E1D998AAD00A86A6E /* Query.swift in Sources */ = {isa = PBXBuildFile; fileRef = BAA0AA861D998AAD00A86A6E /* Query.swift */; };
		BAA0AA9F1D998AAD00A86A6E /* Query.swift in Sources */ = {isa = PBXBuildFile; fileRef = BAA0AA861D998AAD00A86A6E /* Query.swift */; };
		BAA0AAA01D998AAD00A86A6E /* Query.swift in Sources */ = {isa = PBXBuildFile; fileRef = BAA0AA861D998AAD00A86A6E /* Query.swift */; };
		BAA0AAA11D998AAD00A86A6E /* QueryResult.swift in Sources */ = {isa = PBXBuildFile; fileRef = BAA0AA871D998AAD00A86A6E /* QueryResult.swift */; };
		BAA0AAA21D998AAD00A86A6E /* QueryResult.swift in Sources */ = {isa = PBXBuildFile; fileRef = BAA0AA871D998AAD00A86A6E /* QueryResult.swift */; };
		BAA0AAA31D998AAD00A86A6E /* QueryResult.swift in Sources */ = {isa = PBXBuildFile; fileRef = BAA0AA871D998AAD00A86A6E /* QueryResult.swift */; };
		BAA0AAA41D998AAD00A86A6E /* QueryResult.swift in Sources */ = {isa = PBXBuildFile; fileRef = BAA0AA871D998AAD00A86A6E /* QueryResult.swift */; };
		BAA0AAA51D998AAD00A86A6E /* QueryResultRow.swift in Sources */ = {isa = PBXBuildFile; fileRef = BAA0AA881D998AAD00A86A6E /* QueryResultRow.swift */; };
		BAA0AAA61D998AAD00A86A6E /* QueryResultRow.swift in Sources */ = {isa = PBXBuildFile; fileRef = BAA0AA881D998AAD00A86A6E /* QueryResultRow.swift */; };
		BAA0AAA71D998AAD00A86A6E /* QueryResultRow.swift in Sources */ = {isa = PBXBuildFile; fileRef = BAA0AA881D998AAD00A86A6E /* QueryResultRow.swift */; };
		BAA0AAA81D998AAD00A86A6E /* QueryResultRow.swift in Sources */ = {isa = PBXBuildFile; fileRef = BAA0AA881D998AAD00A86A6E /* QueryResultRow.swift */; };
		BAA0AAAF1D998ADB00A86A6E /* ConnectionSpec.swift in Sources */ = {isa = PBXBuildFile; fileRef = BAA0AAA91D998ADB00A86A6E /* ConnectionSpec.swift */; };
		BAA0AAB01D998ADB00A86A6E /* ConnectionSpec.swift in Sources */ = {isa = PBXBuildFile; fileRef = BAA0AAA91D998ADB00A86A6E /* ConnectionSpec.swift */; };
		BAA0AAB11D998ADB00A86A6E /* ConnectionSpec.swift in Sources */ = {isa = PBXBuildFile; fileRef = BAA0AAA91D998ADB00A86A6E /* ConnectionSpec.swift */; };
		BAA0AAB21D998ADB00A86A6E /* ConnectionSpec.swift in Sources */ = {isa = PBXBuildFile; fileRef = BAA0AAA91D998ADB00A86A6E /* ConnectionSpec.swift */; };
		BAA0AAB31D998ADB00A86A6E /* DatabaseSpec.swift in Sources */ = {isa = PBXBuildFile; fileRef = BAA0AAAA1D998ADB00A86A6E /* DatabaseSpec.swift */; };
		BAA0AAB41D998ADB00A86A6E /* DatabaseSpec.swift in Sources */ = {isa = PBXBuildFile; fileRef = BAA0AAAA1D998ADB00A86A6E /* DatabaseSpec.swift */; };
		BAA0AAB51D998ADB00A86A6E /* DatabaseSpec.swift in Sources */ = {isa = PBXBuildFile; fileRef = BAA0AAAA1D998ADB00A86A6E /* DatabaseSpec.swift */; };
		BAA0AAB61D998ADB00A86A6E /* DatabaseSpec.swift in Sources */ = {isa = PBXBuildFile; fileRef = BAA0AAAA1D998ADB00A86A6E /* DatabaseSpec.swift */; };
		BAA0AAB71D998ADB00A86A6E /* migrate.sql in Resources */ = {isa = PBXBuildFile; fileRef = BAA0AAAC1D998ADB00A86A6E /* migrate.sql */; };
		BAA0AAB81D998ADB00A86A6E /* migrate.sql in Resources */ = {isa = PBXBuildFile; fileRef = BAA0AAAC1D998ADB00A86A6E /* migrate.sql */; };
		BAA0AAB91D998ADB00A86A6E /* migrate.sql in Resources */ = {isa = PBXBuildFile; fileRef = BAA0AAAC1D998ADB00A86A6E /* migrate.sql */; };
		BAA0AABA1D998ADB00A86A6E /* migrate.sql in Resources */ = {isa = PBXBuildFile; fileRef = BAA0AAAC1D998ADB00A86A6E /* migrate.sql */; };
		BAA0AABB1D998ADB00A86A6E /* seed.sql in Resources */ = {isa = PBXBuildFile; fileRef = BAA0AAAD1D998ADB00A86A6E /* seed.sql */; };
		BAA0AABC1D998ADB00A86A6E /* seed.sql in Resources */ = {isa = PBXBuildFile; fileRef = BAA0AAAD1D998ADB00A86A6E /* seed.sql */; };
		BAA0AABD1D998ADB00A86A6E /* seed.sql in Resources */ = {isa = PBXBuildFile; fileRef = BAA0AAAD1D998ADB00A86A6E /* seed.sql */; };
		BAA0AABE1D998ADB00A86A6E /* seed.sql in Resources */ = {isa = PBXBuildFile; fileRef = BAA0AAAD1D998ADB00A86A6E /* seed.sql */; };
		BAA0AABF1D998ADB00A86A6E /* QueryResultSpec.swift in Sources */ = {isa = PBXBuildFile; fileRef = BAA0AAAE1D998ADB00A86A6E /* QueryResultSpec.swift */; };
		BAA0AAC01D998ADB00A86A6E /* QueryResultSpec.swift in Sources */ = {isa = PBXBuildFile; fileRef = BAA0AAAE1D998ADB00A86A6E /* QueryResultSpec.swift */; };
		BAA0AAC11D998ADB00A86A6E /* QueryResultSpec.swift in Sources */ = {isa = PBXBuildFile; fileRef = BAA0AAAE1D998ADB00A86A6E /* QueryResultSpec.swift */; };
		BAA0AAC21D998ADB00A86A6E /* QueryResultSpec.swift in Sources */ = {isa = PBXBuildFile; fileRef = BAA0AAAE1D998ADB00A86A6E /* QueryResultSpec.swift */; };
		BAA0AAC61D9A4F6000A86A6E /* Quick.framework in Frameworks */ = {isa = PBXBuildFile; fileRef = BAA0AAC51D9A4F6000A86A6E /* Quick.framework */; };
		BAA0AAC71D9A4F6000A86A6E /* Quick.framework in Frameworks */ = {isa = PBXBuildFile; fileRef = BAA0AAC51D9A4F6000A86A6E /* Quick.framework */; };
		BAA0AAC81D9A4F6000A86A6E /* Quick.framework in Frameworks */ = {isa = PBXBuildFile; fileRef = BAA0AAC51D9A4F6000A86A6E /* Quick.framework */; };
		BAA0AAC91D9A4F6000A86A6E /* Quick.framework in Frameworks */ = {isa = PBXBuildFile; fileRef = BAA0AAC51D9A4F6000A86A6E /* Quick.framework */; };
		BAA0AACB1D9A4FEC00A86A6E /* Nimble.framework in Frameworks */ = {isa = PBXBuildFile; fileRef = BAA0AACA1D9A4FEC00A86A6E /* Nimble.framework */; };
		BAA0AACC1D9A4FEC00A86A6E /* Nimble.framework in Frameworks */ = {isa = PBXBuildFile; fileRef = BAA0AACA1D9A4FEC00A86A6E /* Nimble.framework */; };
		BAA0AACD1D9A4FEC00A86A6E /* Nimble.framework in Frameworks */ = {isa = PBXBuildFile; fileRef = BAA0AACA1D9A4FEC00A86A6E /* Nimble.framework */; };
		BAA0AACE1D9A4FEC00A86A6E /* Nimble.framework in Frameworks */ = {isa = PBXBuildFile; fileRef = BAA0AACA1D9A4FEC00A86A6E /* Nimble.framework */; };
		BAA0AACF1D9A500D00A86A6E /* libpq.framework in Frameworks */ = {isa = PBXBuildFile; fileRef = BA035FE61D980CC600B616AB /* libpq.framework */; };
		BAA0AAD01D9A500E00A86A6E /* libpq.framework in Frameworks */ = {isa = PBXBuildFile; fileRef = BA035FE61D980CC600B616AB /* libpq.framework */; };
		CA63A1B022B279B393B6CD50 /* Pods_TitanKitTests.framework in Frameworks */ = {isa = PBXBuildFile; fileRef = EC2C339CA77EA074C6486B79 /* Pods_TitanKitTests.framework */; };
/* End PBXBuildFile section */

/* Begin PBXContainerItemProxy section */
		BA0360111D98CC3200B616AB /* PBXContainerItemProxy */ = {
			isa = PBXContainerItemProxy;
			containerPortal = BA035F8B1D97C60D00B616AB /* Project object */;
			proxyType = 1;
			remoteGlobalIDString = BA035F931D97C60D00B616AB;
			remoteInfo = TitanKit;
		};
		BA0360201D98CC4100B616AB /* PBXContainerItemProxy */ = {
			isa = PBXContainerItemProxy;
			containerPortal = BA035F8B1D97C60D00B616AB /* Project object */;
			proxyType = 1;
			remoteGlobalIDString = BA035FA31D97C62B00B616AB;
			remoteInfo = "TitanKit iOS";
		};
/* End PBXContainerItemProxy section */

/* Begin PBXFileReference section */
		29E1B7764B5DB9AF1F98117C /* Pods-TitanKitTests.debug.xcconfig */ = {isa = PBXFileReference; includeInIndex = 1; lastKnownFileType = text.xcconfig; name = "Pods-TitanKitTests.debug.xcconfig"; path = "../Pods/Target Support Files/Pods-TitanKitTests/Pods-TitanKitTests.debug.xcconfig"; sourceTree = "<group>"; };
		88DD34EA8FBFF64A087CB072 /* Pods-TitanKitTests.release.xcconfig */ = {isa = PBXFileReference; includeInIndex = 1; lastKnownFileType = text.xcconfig; name = "Pods-TitanKitTests.release.xcconfig"; path = "../Pods/Target Support Files/Pods-TitanKitTests/Pods-TitanKitTests.release.xcconfig"; sourceTree = "<group>"; };
		BA035F941D97C60D00B616AB /* TitanKit.framework */ = {isa = PBXFileReference; explicitFileType = wrapper.framework; includeInIndex = 0; path = TitanKit.framework; sourceTree = BUILT_PRODUCTS_DIR; };
		BA035F971D97C60D00B616AB /* TitanKit.h */ = {isa = PBXFileReference; lastKnownFileType = sourcecode.c.h; path = TitanKit.h; sourceTree = "<group>"; };
		BA035F981D97C60D00B616AB /* Info.plist */ = {isa = PBXFileReference; lastKnownFileType = text.plist.xml; path = Info.plist; sourceTree = "<group>"; };
		BA035FA41D97C62B00B616AB /* TitanKit.framework */ = {isa = PBXFileReference; explicitFileType = wrapper.framework; includeInIndex = 0; path = TitanKit.framework; sourceTree = BUILT_PRODUCTS_DIR; };
		BA035FA61D97C62B00B616AB /* TitanKit iOS.h */ = {isa = PBXFileReference; lastKnownFileType = sourcecode.c.h; path = "TitanKit iOS.h"; sourceTree = "<group>"; };
		BA035FA71D97C62B00B616AB /* Info.plist */ = {isa = PBXFileReference; lastKnownFileType = text.plist.xml; path = Info.plist; sourceTree = "<group>"; };
		BA035FAD1D97C86200B616AB /* Network.swift */ = {isa = PBXFileReference; fileEncoding = 4; lastKnownFileType = sourcecode.swift; path = Network.swift; sourceTree = "<group>"; };
		BA035FCC1D98061E00B616AB /* libpq.framework */ = {isa = PBXFileReference; lastKnownFileType = wrapper.framework; name = libpq.framework; path = ../../../../../Desktop/libpq.framework; sourceTree = "<group>"; };
		BA035FE61D980CC600B616AB /* libpq.framework */ = {isa = PBXFileReference; lastKnownFileType = wrapper.framework; path = libpq.framework; sourceTree = "<group>"; };
		BA03600B1D98CC3200B616AB /* TitanKitTests.xctest */ = {isa = PBXFileReference; explicitFileType = wrapper.cfbundle; includeInIndex = 0; path = TitanKitTests.xctest; sourceTree = BUILT_PRODUCTS_DIR; };
		BA03600D1D98CC3200B616AB /* TitanKitTests.swift */ = {isa = PBXFileReference; lastKnownFileType = sourcecode.swift; path = TitanKitTests.swift; sourceTree = "<group>"; };
		BA03600F1D98CC3200B616AB /* Info.plist */ = {isa = PBXFileReference; lastKnownFileType = text.plist.xml; path = Info.plist; sourceTree = "<group>"; };
		BA03601A1D98CC4100B616AB /* TitanKitiOSTests.xctest */ = {isa = PBXFileReference; explicitFileType = wrapper.cfbundle; includeInIndex = 0; path = TitanKitiOSTests.xctest; sourceTree = BUILT_PRODUCTS_DIR; };
		BA03601C1D98CC4100B616AB /* TitanKitiOSTests.swift */ = {isa = PBXFileReference; lastKnownFileType = sourcecode.swift; path = TitanKitiOSTests.swift; sourceTree = "<group>"; };
		BA03601E1D98CC4100B616AB /* Info.plist */ = {isa = PBXFileReference; lastKnownFileType = text.plist.xml; path = Info.plist; sourceTree = "<group>"; };
		BAA0AA7F1D998A2000A86A6E /* Pods_TitanKitTests.framework */ = {isa = PBXFileReference; lastKnownFileType = wrapper.framework; name = Pods_TitanKitTests.framework; path = "/Users/NghiaTran/Documents/Work/Titan-Postgresql/Titan-Postgresql/Pods/../build/Debug/Pods_TitanKitTests.framework"; sourceTree = "<absolute>"; };
		BAA0AA811D998AAD00A86A6E /* Byteswap.swift */ = {isa = PBXFileReference; fileEncoding = 4; lastKnownFileType = sourcecode.swift; path = Byteswap.swift; sourceTree = "<group>"; };
		BAA0AA821D998AAD00A86A6E /* Connection.swift */ = {isa = PBXFileReference; fileEncoding = 4; lastKnownFileType = sourcecode.swift; path = Connection.swift; sourceTree = "<group>"; };
		BAA0AA831D998AAD00A86A6E /* ConnectionParameters.swift */ = {isa = PBXFileReference; fileEncoding = 4; lastKnownFileType = sourcecode.swift; path = ConnectionParameters.swift; sourceTree = "<group>"; };
		BAA0AA841D998AAD00A86A6E /* Database.swift */ = {isa = PBXFileReference; fileEncoding = 4; lastKnownFileType = sourcecode.swift; path = Database.swift; sourceTree = "<group>"; };
		BAA0AA851D998AAD00A86A6E /* Parameter.swift */ = {isa = PBXFileReference; fileEncoding = 4; lastKnownFileType = sourcecode.swift; path = Parameter.swift; sourceTree = "<group>"; };
		BAA0AA861D998AAD00A86A6E /* Query.swift */ = {isa = PBXFileReference; fileEncoding = 4; lastKnownFileType = sourcecode.swift; path = Query.swift; sourceTree = "<group>"; };
		BAA0AA871D998AAD00A86A6E /* QueryResult.swift */ = {isa = PBXFileReference; fileEncoding = 4; lastKnownFileType = sourcecode.swift; path = QueryResult.swift; sourceTree = "<group>"; };
		BAA0AA881D998AAD00A86A6E /* QueryResultRow.swift */ = {isa = PBXFileReference; fileEncoding = 4; lastKnownFileType = sourcecode.swift; path = QueryResultRow.swift; sourceTree = "<group>"; };
		BAA0AAA91D998ADB00A86A6E /* ConnectionSpec.swift */ = {isa = PBXFileReference; fileEncoding = 4; lastKnownFileType = sourcecode.swift; path = ConnectionSpec.swift; sourceTree = "<group>"; };
		BAA0AAAA1D998ADB00A86A6E /* DatabaseSpec.swift */ = {isa = PBXFileReference; fileEncoding = 4; lastKnownFileType = sourcecode.swift; path = DatabaseSpec.swift; sourceTree = "<group>"; };
		BAA0AAAC1D998ADB00A86A6E /* migrate.sql */ = {isa = PBXFileReference; fileEncoding = 4; lastKnownFileType = text; path = migrate.sql; sourceTree = "<group>"; };
		BAA0AAAD1D998ADB00A86A6E /* seed.sql */ = {isa = PBXFileReference; fileEncoding = 4; lastKnownFileType = text; path = seed.sql; sourceTree = "<group>"; };
		BAA0AAAE1D998ADB00A86A6E /* QueryResultSpec.swift */ = {isa = PBXFileReference; fileEncoding = 4; lastKnownFileType = sourcecode.swift; path = QueryResultSpec.swift; sourceTree = "<group>"; };
		BAA0AAC31D9A464500A86A6E /* Pods_TitanKitTests.framework */ = {isa = PBXFileReference; lastKnownFileType = wrapper.framework; name = Pods_TitanKitTests.framework; path = "/Users/NghiaTran/Documents/Work/Titan-Postgresql/Titan-Postgresql/Pods/../build/Debug/Pods_TitanKitTests.framework"; sourceTree = "<absolute>"; };
		BAA0AAC51D9A4F6000A86A6E /* Quick.framework */ = {isa = PBXFileReference; lastKnownFileType = wrapper.framework; path = Quick.framework; sourceTree = "<group>"; };
		BAA0AACA1D9A4FEC00A86A6E /* Nimble.framework */ = {isa = PBXFileReference; lastKnownFileType = wrapper.framework; path = Nimble.framework; sourceTree = "<group>"; };
		EC2C339CA77EA074C6486B79 /* Pods_TitanKitTests.framework */ = {isa = PBXFileReference; explicitFileType = wrapper.framework; includeInIndex = 0; path = Pods_TitanKitTests.framework; sourceTree = BUILT_PRODUCTS_DIR; };
/* End PBXFileReference section */

/* Begin PBXFrameworksBuildPhase section */
		BA035F901D97C60D00B616AB /* Frameworks */ = {
			isa = PBXFrameworksBuildPhase;
			buildActionMask = 2147483647;
			files = (
				BAA0AACB1D9A4FEC00A86A6E /* Nimble.framework in Frameworks */,
				BAA0AAC61D9A4F6000A86A6E /* Quick.framework in Frameworks */,
				BA035FE71D980CC600B616AB /* libpq.framework in Frameworks */,
			);
			runOnlyForDeploymentPostprocessing = 0;
		};
		BA035FA01D97C62B00B616AB /* Frameworks */ = {
			isa = PBXFrameworksBuildPhase;
			buildActionMask = 2147483647;
			files = (
				BAA0AACC1D9A4FEC00A86A6E /* Nimble.framework in Frameworks */,
				BAA0AAC71D9A4F6000A86A6E /* Quick.framework in Frameworks */,
				BA035FE81D980CC600B616AB /* libpq.framework in Frameworks */,
			);
			runOnlyForDeploymentPostprocessing = 0;
		};
		BA0360081D98CC3200B616AB /* Frameworks */ = {
			isa = PBXFrameworksBuildPhase;
			buildActionMask = 2147483647;
			files = (
				BA0360101D98CC3200B616AB /* TitanKit.framework in Frameworks */,
				CA63A1B022B279B393B6CD50 /* Pods_TitanKitTests.framework in Frameworks */,
				BAA0AAC81D9A4F6000A86A6E /* Quick.framework in Frameworks */,
				BAA0AACD1D9A4FEC00A86A6E /* Nimble.framework in Frameworks */,
				BAA0AACF1D9A500D00A86A6E /* libpq.framework in Frameworks */,
			);
			runOnlyForDeploymentPostprocessing = 0;
		};
		BA0360171D98CC4100B616AB /* Frameworks */ = {
			isa = PBXFrameworksBuildPhase;
			buildActionMask = 2147483647;
			files = (
				BAA0AACE1D9A4FEC00A86A6E /* Nimble.framework in Frameworks */,
				BAA0AAC91D9A4F6000A86A6E /* Quick.framework in Frameworks */,
				BA03601F1D98CC4100B616AB /* TitanKit.framework in Frameworks */,
				BAA0AAD01D9A500E00A86A6E /* libpq.framework in Frameworks */,
			);
			runOnlyForDeploymentPostprocessing = 0;
		};
/* End PBXFrameworksBuildPhase section */

/* Begin PBXGroup section */
		49989E9824A8C8242DED12D8 /* Pods */ = {
			isa = PBXGroup;
			children = (
				29E1B7764B5DB9AF1F98117C /* Pods-TitanKitTests.debug.xcconfig */,
				88DD34EA8FBFF64A087CB072 /* Pods-TitanKitTests.release.xcconfig */,
			);
			name = Pods;
			sourceTree = "<group>";
		};
		BA035F8A1D97C60D00B616AB = {
			isa = PBXGroup;
			children = (
				BA035FAC1D97C63500B616AB /* Source code */,
				BA035F961D97C60D00B616AB /* TitanKit */,
				BA035FA51D97C62B00B616AB /* TitanKit iOS */,
				BA03600C1D98CC3200B616AB /* TitanKitTests */,
				BA03601B1D98CC4100B616AB /* TitanKitiOSTests */,
				BA035F951D97C60D00B616AB /* Products */,
				BA035FCB1D98061D00B616AB /* Frameworks */,
				49989E9824A8C8242DED12D8 /* Pods */,
			);
			sourceTree = "<group>";
		};
		BA035F951D97C60D00B616AB /* Products */ = {
			isa = PBXGroup;
			children = (
				BA035F941D97C60D00B616AB /* TitanKit.framework */,
				BA035FA41D97C62B00B616AB /* TitanKit.framework */,
				BA03600B1D98CC3200B616AB /* TitanKitTests.xctest */,
				BA03601A1D98CC4100B616AB /* TitanKitiOSTests.xctest */,
			);
			name = Products;
			sourceTree = "<group>";
		};
		BA035F961D97C60D00B616AB /* TitanKit */ = {
			isa = PBXGroup;
			children = (
				BA035F971D97C60D00B616AB /* TitanKit.h */,
				BA035F981D97C60D00B616AB /* Info.plist */,
			);
			path = TitanKit;
			sourceTree = "<group>";
		};
		BA035FA51D97C62B00B616AB /* TitanKit iOS */ = {
			isa = PBXGroup;
			children = (
				BA035FA61D97C62B00B616AB /* TitanKit iOS.h */,
				BA035FA71D97C62B00B616AB /* Info.plist */,
			);
			path = "TitanKit iOS";
			sourceTree = "<group>";
		};
		BA035FAC1D97C63500B616AB /* Source code */ = {
			isa = PBXGroup;
			children = (
				BAA0AA811D998AAD00A86A6E /* Byteswap.swift */,
				BAA0AA821D998AAD00A86A6E /* Connection.swift */,
				BAA0AA831D998AAD00A86A6E /* ConnectionParameters.swift */,
				BAA0AA841D998AAD00A86A6E /* Database.swift */,
				BAA0AA851D998AAD00A86A6E /* Parameter.swift */,
				BAA0AA861D998AAD00A86A6E /* Query.swift */,
				BAA0AA871D998AAD00A86A6E /* QueryResult.swift */,
				BAA0AA881D998AAD00A86A6E /* QueryResultRow.swift */,
				BA035FAD1D97C86200B616AB /* Network.swift */,
			);
			name = "Source code";
			sourceTree = "<group>";
		};
		BA035FCB1D98061D00B616AB /* Frameworks */ = {
			isa = PBXGroup;
			children = (
				BA035FE61D980CC600B616AB /* libpq.framework */,
				BAA0AACA1D9A4FEC00A86A6E /* Nimble.framework */,
				BAA0AAC51D9A4F6000A86A6E /* Quick.framework */,
				BAA0AAC31D9A464500A86A6E /* Pods_TitanKitTests.framework */,
				BAA0AA7F1D998A2000A86A6E /* Pods_TitanKitTests.framework */,
				BA035FCC1D98061E00B616AB /* libpq.framework */,
				EC2C339CA77EA074C6486B79 /* Pods_TitanKitTests.framework */,
			);
			name = Frameworks;
			sourceTree = "<group>";
		};
		BA03600C1D98CC3200B616AB /* TitanKitTests */ = {
			isa = PBXGroup;
			children = (
				BAA0AAA91D998ADB00A86A6E /* ConnectionSpec.swift */,
				BAA0AAAA1D998ADB00A86A6E /* DatabaseSpec.swift */,
				BAA0AAAB1D998ADB00A86A6E /* db */,
				BAA0AAAE1D998ADB00A86A6E /* QueryResultSpec.swift */,
				BA03600D1D98CC3200B616AB /* TitanKitTests.swift */,
				BA03600F1D98CC3200B616AB /* Info.plist */,
			);
			path = TitanKitTests;
			sourceTree = "<group>";
		};
		BA03601B1D98CC4100B616AB /* TitanKitiOSTests */ = {
			isa = PBXGroup;
			children = (
				BA03601C1D98CC4100B616AB /* TitanKitiOSTests.swift */,
				BA03601E1D98CC4100B616AB /* Info.plist */,
			);
			path = TitanKitiOSTests;
			sourceTree = "<group>";
		};
		BAA0AAAB1D998ADB00A86A6E /* db */ = {
			isa = PBXGroup;
			children = (
				BAA0AAAC1D998ADB00A86A6E /* migrate.sql */,
				BAA0AAAD1D998ADB00A86A6E /* seed.sql */,
			);
			path = db;
			sourceTree = "<group>";
		};
/* End PBXGroup section */

/* Begin PBXHeadersBuildPhase section */
		BA035F911D97C60D00B616AB /* Headers */ = {
			isa = PBXHeadersBuildPhase;
			buildActionMask = 2147483647;
			files = (
				BA035F991D97C60D00B616AB /* TitanKit.h in Headers */,
			);
			runOnlyForDeploymentPostprocessing = 0;
		};
		BA035FA11D97C62B00B616AB /* Headers */ = {
			isa = PBXHeadersBuildPhase;
			buildActionMask = 2147483647;
			files = (
				BA035FA81D97C62B00B616AB /* TitanKit iOS.h in Headers */,
			);
			runOnlyForDeploymentPostprocessing = 0;
		};
/* End PBXHeadersBuildPhase section */

/* Begin PBXNativeTarget section */
		BA035F931D97C60D00B616AB /* TitanKit */ = {
			isa = PBXNativeTarget;
			buildConfigurationList = BA035F9C1D97C60D00B616AB /* Build configuration list for PBXNativeTarget "TitanKit" */;
			buildPhases = (
				BA035F8F1D97C60D00B616AB /* Sources */,
				BA035F901D97C60D00B616AB /* Frameworks */,
				BA035F911D97C60D00B616AB /* Headers */,
				BA035F921D97C60D00B616AB /* Resources */,
			);
			buildRules = (
			);
			dependencies = (
			);
			name = TitanKit;
			productName = TitanKit;
			productReference = BA035F941D97C60D00B616AB /* TitanKit.framework */;
			productType = "com.apple.product-type.framework";
		};
		BA035FA31D97C62B00B616AB /* TitanKit iOS */ = {
			isa = PBXNativeTarget;
			buildConfigurationList = BA035FA91D97C62B00B616AB /* Build configuration list for PBXNativeTarget "TitanKit iOS" */;
			buildPhases = (
				BA035F9F1D97C62B00B616AB /* Sources */,
				BA035FA01D97C62B00B616AB /* Frameworks */,
				BA035FA11D97C62B00B616AB /* Headers */,
				BA035FA21D97C62B00B616AB /* Resources */,
			);
			buildRules = (
			);
			dependencies = (
			);
			name = "TitanKit iOS";
			productName = "TitanKit iOS";
			productReference = BA035FA41D97C62B00B616AB /* TitanKit.framework */;
			productType = "com.apple.product-type.framework";
		};
		BA03600A1D98CC3200B616AB /* TitanKitTests */ = {
			isa = PBXNativeTarget;
			buildConfigurationList = BA0360151D98CC3200B616AB /* Build configuration list for PBXNativeTarget "TitanKitTests" */;
			buildPhases = (
				9FB4751455286FDDB035A9C1 /* [CP] Check Pods Manifest.lock */,
				BA0360071D98CC3200B616AB /* Sources */,
				BA0360081D98CC3200B616AB /* Frameworks */,
				BA0360091D98CC3200B616AB /* Resources */,
				7ADD97B3AB95478267CF8970 /* [CP] Embed Pods Frameworks */,
				1835C3038F61D4BACC2CECC8 /* [CP] Copy Pods Resources */,
			);
			buildRules = (
			);
			dependencies = (
				BA0360121D98CC3200B616AB /* PBXTargetDependency */,
			);
			name = TitanKitTests;
			productName = TitanKitTests;
			productReference = BA03600B1D98CC3200B616AB /* TitanKitTests.xctest */;
			productType = "com.apple.product-type.bundle.unit-test";
		};
		BA0360191D98CC4100B616AB /* TitanKitiOSTests */ = {
			isa = PBXNativeTarget;
			buildConfigurationList = BA0360221D98CC4100B616AB /* Build configuration list for PBXNativeTarget "TitanKitiOSTests" */;
			buildPhases = (
				BA0360161D98CC4100B616AB /* Sources */,
				BA0360171D98CC4100B616AB /* Frameworks */,
				BA0360181D98CC4100B616AB /* Resources */,
			);
			buildRules = (
			);
			dependencies = (
				BA0360211D98CC4100B616AB /* PBXTargetDependency */,
			);
			name = TitanKitiOSTests;
			productName = TitanKitiOSTests;
			productReference = BA03601A1D98CC4100B616AB /* TitanKitiOSTests.xctest */;
			productType = "com.apple.product-type.bundle.unit-test";
		};
/* End PBXNativeTarget section */

/* Begin PBXProject section */
		BA035F8B1D97C60D00B616AB /* Project object */ = {
			isa = PBXProject;
			attributes = {
				LastSwiftUpdateCheck = 0800;
				LastUpgradeCheck = 0800;
				ORGANIZATIONNAME = fe;
				TargetAttributes = {
					BA035F931D97C60D00B616AB = {
						CreatedOnToolsVersion = 8.0;
						DevelopmentTeam = U8CXVPE3MM;
						LastSwiftMigration = 0800;
						ProvisioningStyle = Automatic;
					};
					BA035FA31D97C62B00B616AB = {
						CreatedOnToolsVersion = 8.0;
						DevelopmentTeam = U8CXVPE3MM;
						LastSwiftMigration = 0800;
						ProvisioningStyle = Automatic;
					};
					BA03600A1D98CC3200B616AB = {
						CreatedOnToolsVersion = 8.0;
						DevelopmentTeam = U8CXVPE3MM;
						ProvisioningStyle = Automatic;
					};
					BA0360191D98CC4100B616AB = {
						CreatedOnToolsVersion = 8.0;
						DevelopmentTeam = U8CXVPE3MM;
						ProvisioningStyle = Automatic;
					};
				};
			};
			buildConfigurationList = BA035F8E1D97C60D00B616AB /* Build configuration list for PBXProject "TitanKit" */;
			compatibilityVersion = "Xcode 3.2";
			developmentRegion = English;
			hasScannedForEncodings = 0;
			knownRegions = (
				en,
			);
			mainGroup = BA035F8A1D97C60D00B616AB;
			productRefGroup = BA035F951D97C60D00B616AB /* Products */;
			projectDirPath = "";
			projectRoot = "";
			targets = (
				BA035F931D97C60D00B616AB /* TitanKit */,
				BA035FA31D97C62B00B616AB /* TitanKit iOS */,
				BA03600A1D98CC3200B616AB /* TitanKitTests */,
				BA0360191D98CC4100B616AB /* TitanKitiOSTests */,
			);
		};
/* End PBXProject section */

/* Begin PBXResourcesBuildPhase section */
		BA035F921D97C60D00B616AB /* Resources */ = {
			isa = PBXResourcesBuildPhase;
			buildActionMask = 2147483647;
			files = (
				BAA0AAB71D998ADB00A86A6E /* migrate.sql in Resources */,
				BAA0AABB1D998ADB00A86A6E /* seed.sql in Resources */,
			);
			runOnlyForDeploymentPostprocessing = 0;
		};
		BA035FA21D97C62B00B616AB /* Resources */ = {
			isa = PBXResourcesBuildPhase;
			buildActionMask = 2147483647;
			files = (
				BAA0AAB81D998ADB00A86A6E /* migrate.sql in Resources */,
				BAA0AABC1D998ADB00A86A6E /* seed.sql in Resources */,
			);
			runOnlyForDeploymentPostprocessing = 0;
		};
		BA0360091D98CC3200B616AB /* Resources */ = {
			isa = PBXResourcesBuildPhase;
			buildActionMask = 2147483647;
			files = (
				BAA0AAB91D998ADB00A86A6E /* migrate.sql in Resources */,
				BAA0AABD1D998ADB00A86A6E /* seed.sql in Resources */,
			);
			runOnlyForDeploymentPostprocessing = 0;
		};
		BA0360181D98CC4100B616AB /* Resources */ = {
			isa = PBXResourcesBuildPhase;
			buildActionMask = 2147483647;
			files = (
				BAA0AABA1D998ADB00A86A6E /* migrate.sql in Resources */,
				BAA0AABE1D998ADB00A86A6E /* seed.sql in Resources */,
			);
			runOnlyForDeploymentPostprocessing = 0;
		};
/* End PBXResourcesBuildPhase section */

/* Begin PBXShellScriptBuildPhase section */
		1835C3038F61D4BACC2CECC8 /* [CP] Copy Pods Resources */ = {
			isa = PBXShellScriptBuildPhase;
			buildActionMask = 2147483647;
			files = (
			);
			inputPaths = (
			);
			name = "[CP] Copy Pods Resources";
			outputPaths = (
			);
			runOnlyForDeploymentPostprocessing = 0;
			shellPath = /bin/sh;
			shellScript = "\"${SRCROOT}/../Pods/Target Support Files/Pods-TitanKitTests/Pods-TitanKitTests-resources.sh\"\n";
			showEnvVarsInLog = 0;
		};
		7ADD97B3AB95478267CF8970 /* [CP] Embed Pods Frameworks */ = {
			isa = PBXShellScriptBuildPhase;
			buildActionMask = 2147483647;
			files = (
			);
			inputPaths = (
			);
			name = "[CP] Embed Pods Frameworks";
			outputPaths = (
			);
			runOnlyForDeploymentPostprocessing = 0;
			shellPath = /bin/sh;
			shellScript = "\"${SRCROOT}/../Pods/Target Support Files/Pods-TitanKitTests/Pods-TitanKitTests-frameworks.sh\"\n";
			showEnvVarsInLog = 0;
		};
		9FB4751455286FDDB035A9C1 /* [CP] Check Pods Manifest.lock */ = {
			isa = PBXShellScriptBuildPhase;
			buildActionMask = 2147483647;
			files = (
			);
			inputPaths = (
			);
			name = "[CP] Check Pods Manifest.lock";
			outputPaths = (
			);
			runOnlyForDeploymentPostprocessing = 0;
			shellPath = /bin/sh;
			shellScript = "diff \"${PODS_ROOT}/../Podfile.lock\" \"${PODS_ROOT}/Manifest.lock\" > /dev/null\nif [ $? != 0 ] ; then\n    # print error to STDERR\n    echo \"error: The sandbox is not in sync with the Podfile.lock. Run 'pod install' or update your CocoaPods installation.\" >&2\n    exit 1\nfi\n";
			showEnvVarsInLog = 0;
		};
/* End PBXShellScriptBuildPhase section */

/* Begin PBXSourcesBuildPhase section */
		BA035F8F1D97C60D00B616AB /* Sources */ = {
			isa = PBXSourcesBuildPhase;
			buildActionMask = 2147483647;
			files = (
				BAA0AAAF1D998ADB00A86A6E /* ConnectionSpec.swift in Sources */,
				BAA0AA891D998AAD00A86A6E /* Byteswap.swift in Sources */,
				BAA0AAA11D998AAD00A86A6E /* QueryResult.swift in Sources */,
				BAA0AA9D1D998AAD00A86A6E /* Query.swift in Sources */,
				BAA0AABF1D998ADB00A86A6E /* QueryResultSpec.swift in Sources */,
				BAA0AA911D998AAD00A86A6E /* ConnectionParameters.swift in Sources */,
				BAA0AA8D1D998AAD00A86A6E /* Connection.swift in Sources */,
				BAA0AAA51D998AAD00A86A6E /* QueryResultRow.swift in Sources */,
				BAA0AA991D998AAD00A86A6E /* Parameter.swift in Sources */,
				BAA0AA951D998AAD00A86A6E /* Database.swift in Sources */,
				BAA0AAB31D998ADB00A86A6E /* DatabaseSpec.swift in Sources */,
				BA035FAE1D97C86200B616AB /* Network.swift in Sources */,
			);
			runOnlyForDeploymentPostprocessing = 0;
		};
		BA035F9F1D97C62B00B616AB /* Sources */ = {
			isa = PBXSourcesBuildPhase;
			buildActionMask = 2147483647;
			files = (
				BAA0AAB01D998ADB00A86A6E /* ConnectionSpec.swift in Sources */,
				BAA0AA8A1D998AAD00A86A6E /* Byteswap.swift in Sources */,
				BAA0AAA21D998AAD00A86A6E /* QueryResult.swift in Sources */,
				BAA0AA9E1D998AAD00A86A6E /* Query.swift in Sources */,
				BAA0AAC01D998ADB00A86A6E /* QueryResultSpec.swift in Sources */,
				BAA0AA921D998AAD00A86A6E /* ConnectionParameters.swift in Sources */,
				BAA0AA8E1D998AAD00A86A6E /* Connection.swift in Sources */,
				BAA0AAA61D998AAD00A86A6E /* QueryResultRow.swift in Sources */,
				BAA0AA9A1D998AAD00A86A6E /* Parameter.swift in Sources */,
				BAA0AA961D998AAD00A86A6E /* Database.swift in Sources */,
				BAA0AAB41D998ADB00A86A6E /* DatabaseSpec.swift in Sources */,
				BA035FAF1D97C86200B616AB /* Network.swift in Sources */,
			);
			runOnlyForDeploymentPostprocessing = 0;
		};
		BA0360071D98CC3200B616AB /* Sources */ = {
			isa = PBXSourcesBuildPhase;
			buildActionMask = 2147483647;
			files = (
				BAA0AAB11D998ADB00A86A6E /* ConnectionSpec.swift in Sources */,
				BAA0AA8B1D998AAD00A86A6E /* Byteswap.swift in Sources */,
				BAA0AAA31D998AAD00A86A6E /* QueryResult.swift in Sources */,
				BAA0AA9F1D998AAD00A86A6E /* Query.swift in Sources */,
				BAA0AAC11D998ADB00A86A6E /* QueryResultSpec.swift in Sources */,
				BAA0AA931D998AAD00A86A6E /* ConnectionParameters.swift in Sources */,
				BAA0AA8F1D998AAD00A86A6E /* Connection.swift in Sources */,
				BAA0AAA71D998AAD00A86A6E /* QueryResultRow.swift in Sources */,
				BAA0AA9B1D998AAD00A86A6E /* Parameter.swift in Sources */,
				BAA0AA971D998AAD00A86A6E /* Database.swift in Sources */,
				BAA0AAB51D998ADB00A86A6E /* DatabaseSpec.swift in Sources */,
				BA03600E1D98CC3200B616AB /* TitanKitTests.swift in Sources */,
			);
			runOnlyForDeploymentPostprocessing = 0;
		};
		BA0360161D98CC4100B616AB /* Sources */ = {
			isa = PBXSourcesBuildPhase;
			buildActionMask = 2147483647;
			files = (
				BAA0AAB21D998ADB00A86A6E /* ConnectionSpec.swift in Sources */,
				BAA0AA8C1D998AAD00A86A6E /* Byteswap.swift in Sources */,
				BAA0AAA41D998AAD00A86A6E /* QueryResult.swift in Sources */,
				BAA0AAA01D998AAD00A86A6E /* Query.swift in Sources */,
				BAA0AAC21D998ADB00A86A6E /* QueryResultSpec.swift in Sources */,
				BAA0AA941D998AAD00A86A6E /* ConnectionParameters.swift in Sources */,
				BAA0AA901D998AAD00A86A6E /* Connection.swift in Sources */,
				BAA0AAA81D998AAD00A86A6E /* QueryResultRow.swift in Sources */,
				BAA0AA9C1D998AAD00A86A6E /* Parameter.swift in Sources */,
				BAA0AA981D998AAD00A86A6E /* Database.swift in Sources */,
				BAA0AAB61D998ADB00A86A6E /* DatabaseSpec.swift in Sources */,
				BA03601D1D98CC4100B616AB /* TitanKitiOSTests.swift in Sources */,
			);
			runOnlyForDeploymentPostprocessing = 0;
		};
/* End PBXSourcesBuildPhase section */

/* Begin PBXTargetDependency section */
		BA0360121D98CC3200B616AB /* PBXTargetDependency */ = {
			isa = PBXTargetDependency;
			target = BA035F931D97C60D00B616AB /* TitanKit */;
			targetProxy = BA0360111D98CC3200B616AB /* PBXContainerItemProxy */;
		};
		BA0360211D98CC4100B616AB /* PBXTargetDependency */ = {
			isa = PBXTargetDependency;
			target = BA035FA31D97C62B00B616AB /* TitanKit iOS */;
			targetProxy = BA0360201D98CC4100B616AB /* PBXContainerItemProxy */;
		};
/* End PBXTargetDependency section */

/* Begin XCBuildConfiguration section */
		BA035F9A1D97C60D00B616AB /* Debug */ = {
			isa = XCBuildConfiguration;
			buildSettings = {
				ALWAYS_SEARCH_USER_PATHS = NO;
				CLANG_ANALYZER_NONNULL = YES;
				CLANG_CXX_LANGUAGE_STANDARD = "gnu++0x";
				CLANG_CXX_LIBRARY = "libc++";
				CLANG_ENABLE_MODULES = YES;
				CLANG_ENABLE_OBJC_ARC = YES;
				CLANG_WARN_BOOL_CONVERSION = YES;
				CLANG_WARN_CONSTANT_CONVERSION = YES;
				CLANG_WARN_DIRECT_OBJC_ISA_USAGE = YES_ERROR;
				CLANG_WARN_DOCUMENTATION_COMMENTS = YES;
				CLANG_WARN_EMPTY_BODY = YES;
				CLANG_WARN_ENUM_CONVERSION = YES;
				CLANG_WARN_INFINITE_RECURSION = YES;
				CLANG_WARN_INT_CONVERSION = YES;
				CLANG_WARN_OBJC_ROOT_CLASS = YES_ERROR;
				CLANG_WARN_SUSPICIOUS_MOVE = YES;
				CLANG_WARN_SUSPICIOUS_MOVES = YES;
				CLANG_WARN_UNREACHABLE_CODE = YES;
				CLANG_WARN__DUPLICATE_METHOD_MATCH = YES;
				CODE_SIGN_IDENTITY = "-";
				COPY_PHASE_STRIP = NO;
				CURRENT_PROJECT_VERSION = 1;
				DEBUG_INFORMATION_FORMAT = dwarf;
				ENABLE_STRICT_OBJC_MSGSEND = YES;
				ENABLE_TESTABILITY = YES;
				FRAMEWORK_SEARCH_PATHS = "$(SRCROOT)/**";
				GCC_C_LANGUAGE_STANDARD = gnu99;
				GCC_DYNAMIC_NO_PIC = NO;
				GCC_NO_COMMON_BLOCKS = YES;
				GCC_OPTIMIZATION_LEVEL = 0;
				GCC_PREPROCESSOR_DEFINITIONS = (
					"DEBUG=1",
					"$(inherited)",
				);
				GCC_WARN_64_TO_32_BIT_CONVERSION = YES;
				GCC_WARN_ABOUT_RETURN_TYPE = YES_ERROR;
				GCC_WARN_UNDECLARED_SELECTOR = YES;
				GCC_WARN_UNINITIALIZED_AUTOS = YES_AGGRESSIVE;
				GCC_WARN_UNUSED_FUNCTION = YES;
				GCC_WARN_UNUSED_VARIABLE = YES;
				HEADER_SEARCH_PATHS = "$(PROJECT_DIR)/**";
				IPHONEOS_DEPLOYMENT_TARGET = 10.0;
				MACOSX_DEPLOYMENT_TARGET = 10.11;
				MTL_ENABLE_DEBUG_INFO = YES;
				ONLY_ACTIVE_ARCH = YES;
				SDKROOT = macosx;
				SUPPORTED_PLATFORMS = "macosx iphoneos iphonesimulator";
				SWIFT_ACTIVE_COMPILATION_CONDITIONS = DEBUG;
				SWIFT_OPTIMIZATION_LEVEL = "-Onone";
				VALID_ARCHS = "i386 x86_64 arm64 armv7 armv7s";
				VERSIONING_SYSTEM = "apple-generic";
				VERSION_INFO_PREFIX = "";
			};
			name = Debug;
		};
		BA035F9B1D97C60D00B616AB /* Release */ = {
			isa = XCBuildConfiguration;
			buildSettings = {
				ALWAYS_SEARCH_USER_PATHS = NO;
				CLANG_ANALYZER_NONNULL = YES;
				CLANG_CXX_LANGUAGE_STANDARD = "gnu++0x";
				CLANG_CXX_LIBRARY = "libc++";
				CLANG_ENABLE_MODULES = YES;
				CLANG_ENABLE_OBJC_ARC = YES;
				CLANG_WARN_BOOL_CONVERSION = YES;
				CLANG_WARN_CONSTANT_CONVERSION = YES;
				CLANG_WARN_DIRECT_OBJC_ISA_USAGE = YES_ERROR;
				CLANG_WARN_DOCUMENTATION_COMMENTS = YES;
				CLANG_WARN_EMPTY_BODY = YES;
				CLANG_WARN_ENUM_CONVERSION = YES;
				CLANG_WARN_INFINITE_RECURSION = YES;
				CLANG_WARN_INT_CONVERSION = YES;
				CLANG_WARN_OBJC_ROOT_CLASS = YES_ERROR;
				CLANG_WARN_SUSPICIOUS_MOVE = YES;
				CLANG_WARN_SUSPICIOUS_MOVES = YES;
				CLANG_WARN_UNREACHABLE_CODE = YES;
				CLANG_WARN__DUPLICATE_METHOD_MATCH = YES;
				CODE_SIGN_IDENTITY = "-";
				COPY_PHASE_STRIP = NO;
				CURRENT_PROJECT_VERSION = 1;
				DEBUG_INFORMATION_FORMAT = "dwarf-with-dsym";
				ENABLE_NS_ASSERTIONS = NO;
				ENABLE_STRICT_OBJC_MSGSEND = YES;
				FRAMEWORK_SEARCH_PATHS = "$(SRCROOT)/**";
				GCC_C_LANGUAGE_STANDARD = gnu99;
				GCC_NO_COMMON_BLOCKS = YES;
				GCC_WARN_64_TO_32_BIT_CONVERSION = YES;
				GCC_WARN_ABOUT_RETURN_TYPE = YES_ERROR;
				GCC_WARN_UNDECLARED_SELECTOR = YES;
				GCC_WARN_UNINITIALIZED_AUTOS = YES_AGGRESSIVE;
				GCC_WARN_UNUSED_FUNCTION = YES;
				GCC_WARN_UNUSED_VARIABLE = YES;
				HEADER_SEARCH_PATHS = "$(PROJECT_DIR)/**";
				IPHONEOS_DEPLOYMENT_TARGET = 10.0;
				MACOSX_DEPLOYMENT_TARGET = 10.11;
				MTL_ENABLE_DEBUG_INFO = NO;
				SDKROOT = macosx;
				SUPPORTED_PLATFORMS = "macosx iphoneos iphonesimulator";
				SWIFT_OPTIMIZATION_LEVEL = "-Owholemodule";
				VALID_ARCHS = "i386 x86_64 arm64 armv7 armv7s";
				VERSIONING_SYSTEM = "apple-generic";
				VERSION_INFO_PREFIX = "";
			};
			name = Release;
		};
		BA035F9D1D97C60D00B616AB /* Debug */ = {
			isa = XCBuildConfiguration;
			buildSettings = {
				CLANG_ENABLE_MODULES = YES;
				CODE_SIGN_IDENTITY = "";
				COMBINE_HIDPI_IMAGES = YES;
				DEFINES_MODULE = YES;
				DEVELOPMENT_TEAM = U8CXVPE3MM;
				DYLIB_COMPATIBILITY_VERSION = 1;
				DYLIB_CURRENT_VERSION = 1;
				DYLIB_INSTALL_NAME_BASE = "@rpath";
				FRAMEWORK_SEARCH_PATHS = (
					"$(inherited)",
					"$(PROJECT_DIR)",
				);
				FRAMEWORK_VERSION = A;
				INFOPLIST_FILE = TitanKit/Info.plist;
				INSTALL_PATH = "$(LOCAL_LIBRARY_DIR)/Frameworks";
				LD_RUNPATH_SEARCH_PATHS = "$(inherited) @executable_path/../Frameworks @loader_path/Frameworks";
				LIBRARY_SEARCH_PATHS = (
					"$(inherited)",
					"$(PROJECT_DIR)",
				);
				MACOSX_DEPLOYMENT_TARGET = 10.11;
				PRODUCT_BUNDLE_IDENTIFIER = com.fe.TitanKit;
				PRODUCT_NAME = "$(TARGET_NAME)";
				SKIP_INSTALL = YES;
				SWIFT_OPTIMIZATION_LEVEL = "-Onone";
				SWIFT_VERSION = 3.0;
			};
			name = Debug;
		};
		BA035F9E1D97C60D00B616AB /* Release */ = {
			isa = XCBuildConfiguration;
			buildSettings = {
				CLANG_ENABLE_MODULES = YES;
				CODE_SIGN_IDENTITY = "";
				COMBINE_HIDPI_IMAGES = YES;
				DEFINES_MODULE = YES;
				DEVELOPMENT_TEAM = U8CXVPE3MM;
				DYLIB_COMPATIBILITY_VERSION = 1;
				DYLIB_CURRENT_VERSION = 1;
				DYLIB_INSTALL_NAME_BASE = "@rpath";
				FRAMEWORK_SEARCH_PATHS = (
					"$(inherited)",
					"$(PROJECT_DIR)",
				);
				FRAMEWORK_VERSION = A;
				INFOPLIST_FILE = TitanKit/Info.plist;
				INSTALL_PATH = "$(LOCAL_LIBRARY_DIR)/Frameworks";
				LD_RUNPATH_SEARCH_PATHS = "$(inherited) @executable_path/../Frameworks @loader_path/Frameworks";
				LIBRARY_SEARCH_PATHS = (
					"$(inherited)",
					"$(PROJECT_DIR)",
				);
				MACOSX_DEPLOYMENT_TARGET = 10.11;
				PRODUCT_BUNDLE_IDENTIFIER = com.fe.TitanKit;
				PRODUCT_NAME = "$(TARGET_NAME)";
				SKIP_INSTALL = YES;
				SWIFT_VERSION = 3.0;
			};
			name = Release;
		};
		BA035FAA1D97C62B00B616AB /* Debug */ = {
			isa = XCBuildConfiguration;
			buildSettings = {
				CLANG_ENABLE_MODULES = YES;
				CODE_SIGN_IDENTITY = "";
				"CODE_SIGN_IDENTITY[sdk=iphoneos*]" = "";
				DEFINES_MODULE = YES;
				DEVELOPMENT_TEAM = U8CXVPE3MM;
				DYLIB_COMPATIBILITY_VERSION = 1;
				DYLIB_CURRENT_VERSION = 1;
				DYLIB_INSTALL_NAME_BASE = "@rpath";
				FRAMEWORK_SEARCH_PATHS = (
					"$(inherited)",
					"$(PROJECT_DIR)",
				);
				INFOPLIST_FILE = "TitanKit iOS/Info.plist";
				INSTALL_PATH = "$(LOCAL_LIBRARY_DIR)/Frameworks";
				IPHONEOS_DEPLOYMENT_TARGET = 10.0;
				LD_RUNPATH_SEARCH_PATHS = "$(inherited) @executable_path/Frameworks @loader_path/Frameworks";
				LIBRARY_SEARCH_PATHS = (
					"$(inherited)",
					"$(PROJECT_DIR)",
				);
				PRODUCT_BUNDLE_IDENTIFIER = "com.fe.TitanKit-iOS";
				PRODUCT_NAME = TitanKit;
				SDKROOT = iphoneos;
				SKIP_INSTALL = YES;
				SWIFT_OPTIMIZATION_LEVEL = "-Onone";
				SWIFT_VERSION = 3.0;
				TARGETED_DEVICE_FAMILY = "1,2";
			};
			name = Debug;
		};
		BA035FAB1D97C62B00B616AB /* Release */ = {
			isa = XCBuildConfiguration;
			buildSettings = {
				CLANG_ENABLE_MODULES = YES;
				CODE_SIGN_IDENTITY = "";
				"CODE_SIGN_IDENTITY[sdk=iphoneos*]" = "";
				DEFINES_MODULE = YES;
				DEVELOPMENT_TEAM = U8CXVPE3MM;
				DYLIB_COMPATIBILITY_VERSION = 1;
				DYLIB_CURRENT_VERSION = 1;
				DYLIB_INSTALL_NAME_BASE = "@rpath";
				FRAMEWORK_SEARCH_PATHS = (
					"$(inherited)",
					"$(PROJECT_DIR)",
				);
				INFOPLIST_FILE = "TitanKit iOS/Info.plist";
				INSTALL_PATH = "$(LOCAL_LIBRARY_DIR)/Frameworks";
				IPHONEOS_DEPLOYMENT_TARGET = 10.0;
				LD_RUNPATH_SEARCH_PATHS = "$(inherited) @executable_path/Frameworks @loader_path/Frameworks";
				LIBRARY_SEARCH_PATHS = (
					"$(inherited)",
					"$(PROJECT_DIR)",
				);
				PRODUCT_BUNDLE_IDENTIFIER = "com.fe.TitanKit-iOS";
				PRODUCT_NAME = TitanKit;
				SDKROOT = iphoneos;
				SKIP_INSTALL = YES;
				SWIFT_VERSION = 3.0;
				TARGETED_DEVICE_FAMILY = "1,2";
				VALIDATE_PRODUCT = YES;
			};
			name = Release;
		};
		BA0360131D98CC3200B616AB /* Debug */ = {
			isa = XCBuildConfiguration;
			baseConfigurationReference = 29E1B7764B5DB9AF1F98117C /* Pods-TitanKitTests.debug.xcconfig */;
			buildSettings = {
				CODE_SIGN_IDENTITY = "Mac Developer";
				COMBINE_HIDPI_IMAGES = YES;
				DEVELOPMENT_TEAM = U8CXVPE3MM;
				FRAMEWORK_SEARCH_PATHS = (
					"$(inherited)",
					"$(PROJECT_DIR)",
				);
				INFOPLIST_FILE = TitanKitTests/Info.plist;
				LD_RUNPATH_SEARCH_PATHS = "$(inherited) @executable_path/../Frameworks @loader_path/../Frameworks";
				PRODUCT_BUNDLE_IDENTIFIER = com.fe.TitanKitTests;
				PRODUCT_NAME = "$(TARGET_NAME)";
				SWIFT_VERSION = 3.0;
			};
			name = Debug;
		};
		BA0360141D98CC3200B616AB /* Release */ = {
			isa = XCBuildConfiguration;
			baseConfigurationReference = 88DD34EA8FBFF64A087CB072 /* Pods-TitanKitTests.release.xcconfig */;
			buildSettings = {
				CODE_SIGN_IDENTITY = "Mac Developer";
				COMBINE_HIDPI_IMAGES = YES;
				DEVELOPMENT_TEAM = U8CXVPE3MM;
				FRAMEWORK_SEARCH_PATHS = (
					"$(inherited)",
					"$(PROJECT_DIR)",
				);
				INFOPLIST_FILE = TitanKitTests/Info.plist;
				LD_RUNPATH_SEARCH_PATHS = "$(inherited) @executable_path/../Frameworks @loader_path/../Frameworks";
				PRODUCT_BUNDLE_IDENTIFIER = com.fe.TitanKitTests;
				PRODUCT_NAME = "$(TARGET_NAME)";
				SWIFT_VERSION = 3.0;
			};
			name = Release;
		};
		BA0360231D98CC4100B616AB /* Debug */ = {
			isa = XCBuildConfiguration;
			buildSettings = {
				"CODE_SIGN_IDENTITY[sdk=iphoneos*]" = "iPhone Developer";
				DEVELOPMENT_TEAM = U8CXVPE3MM;
				FRAMEWORK_SEARCH_PATHS = (
					"$(inherited)",
					"$(PROJECT_DIR)",
				);
				INFOPLIST_FILE = TitanKitiOSTests/Info.plist;
				LD_RUNPATH_SEARCH_PATHS = "$(inherited) @executable_path/Frameworks @loader_path/Frameworks";
				PRODUCT_BUNDLE_IDENTIFIER = com.fe.TitanKitiOSTests;
				PRODUCT_NAME = "$(TARGET_NAME)";
				SDKROOT = iphoneos;
				SWIFT_VERSION = 3.0;
			};
			name = Debug;
		};
		BA0360241D98CC4100B616AB /* Release */ = {
			isa = XCBuildConfiguration;
			buildSettings = {
				"CODE_SIGN_IDENTITY[sdk=iphoneos*]" = "iPhone Developer";
				DEVELOPMENT_TEAM = U8CXVPE3MM;
				FRAMEWORK_SEARCH_PATHS = (
					"$(inherited)",
					"$(PROJECT_DIR)",
				);
				INFOPLIST_FILE = TitanKitiOSTests/Info.plist;
				LD_RUNPATH_SEARCH_PATHS = "$(inherited) @executable_path/Frameworks @loader_path/Frameworks";
				PRODUCT_BUNDLE_IDENTIFIER = com.fe.TitanKitiOSTests;
				PRODUCT_NAME = "$(TARGET_NAME)";
				SDKROOT = iphoneos;
				SWIFT_VERSION = 3.0;
				VALIDATE_PRODUCT = YES;
			};
			name = Release;
		};
/* End XCBuildConfiguration section */

/* Begin XCConfigurationList section */
		BA035F8E1D97C60D00B616AB /* Build configuration list for PBXProject "TitanKit" */ = {
			isa = XCConfigurationList;
			buildConfigurations = (
				BA035F9A1D97C60D00B616AB /* Debug */,
				BA035F9B1D97C60D00B616AB /* Release */,
			);
			defaultConfigurationIsVisible = 0;
			defaultConfigurationName = Release;
		};
		BA035F9C1D97C60D00B616AB /* Build configuration list for PBXNativeTarget "TitanKit" */ = {
			isa = XCConfigurationList;
			buildConfigurations = (
				BA035F9D1D97C60D00B616AB /* Debug */,
				BA035F9E1D97C60D00B616AB /* Release */,
			);
			defaultConfigurationIsVisible = 0;
			defaultConfigurationName = Release;
		};
		BA035FA91D97C62B00B616AB /* Build configuration list for PBXNativeTarget "TitanKit iOS" */ = {
			isa = XCConfigurationList;
			buildConfigurations = (
				BA035FAA1D97C62B00B616AB /* Debug */,
				BA035FAB1D97C62B00B616AB /* Release */,
			);
			defaultConfigurationIsVisible = 0;
			defaultConfigurationName = Release;
		};
		BA0360151D98CC3200B616AB /* Build configuration list for PBXNativeTarget "TitanKitTests" */ = {
			isa = XCConfigurationList;
			buildConfigurations = (
				BA0360131D98CC3200B616AB /* Debug */,
				BA0360141D98CC3200B616AB /* Release */,
			);
			defaultConfigurationIsVisible = 0;
			defaultConfigurationName = Release;
		};
		BA0360221D98CC4100B616AB /* Build configuration list for PBXNativeTarget "TitanKitiOSTests" */ = {
			isa = XCConfigurationList;
			buildConfigurations = (
				BA0360231D98CC4100B616AB /* Debug */,
				BA0360241D98CC4100B616AB /* Release */,
			);
			defaultConfigurationIsVisible = 0;
			defaultConfigurationName = Release;
		};
/* End XCConfigurationList section */
	};
	rootObject = BA035F8B1D97C60D00B616AB /* Project object */;
}
