// !$*UTF8*$!
{
	archiveVersion = 1;
	classes = {
	};
	objectVersion = 46;
	objects = {

/* Begin PBXBuildFile section */
		BA035F6E1D97C5A900B616AB /* AppDelegate.swift in Sources */ = {isa = PBXBuildFile; fileRef = BA035F6D1D97C5A900B616AB /* AppDelegate.swift */; };
		BA035F701D97C5A900B616AB /* ViewController.swift in Sources */ = {isa = PBXBuildFile; fileRef = BA035F6F1D97C5A900B616AB /* ViewController.swift */; };
		BA035F731D97C5A900B616AB /* Main.storyboard in Resources */ = {isa = PBXBuildFile; fileRef = BA035F711D97C5A900B616AB /* Main.storyboard */; };
		BA035F751D97C5A900B616AB /* Assets.xcassets in Resources */ = {isa = PBXBuildFile; fileRef = BA035F741D97C5A900B616AB /* Assets.xcassets */; };
		BA035F781D97C5A900B616AB /* LaunchScreen.storyboard in Resources */ = {isa = PBXBuildFile; fileRef = BA035F761D97C5A900B616AB /* LaunchScreen.storyboard */; };
		BA035FBE1D97CB8700B616AB /* TitanKit.framework in Frameworks */ = {isa = PBXBuildFile; fileRef = BA035FBD1D97CB8700B616AB /* TitanKit.framework */; };
/* End PBXBuildFile section */

/* Begin PBXCopyFilesBuildPhase section */
		BA035FBB1D97CB3200B616AB /* Embed Frameworks */ = {
			isa = PBXCopyFilesBuildPhase;
			buildActionMask = 2147483647;
			dstPath = "";
			dstSubfolderSpec = 10;
			files = (
			);
			name = "Embed Frameworks";
			runOnlyForDeploymentPostprocessing = 0;
		};
/* End PBXCopyFilesBuildPhase section */

/* Begin PBXFileReference section */
		BA035F6A1D97C5A900B616AB /* Titan iOS.app */ = {isa = PBXFileReference; explicitFileType = wrapper.application; includeInIndex = 0; path = "Titan iOS.app"; sourceTree = BUILT_PRODUCTS_DIR; };
		BA035F6D1D97C5A900B616AB /* AppDelegate.swift */ = {isa = PBXFileReference; lastKnownFileType = sourcecode.swift; path = AppDelegate.swift; sourceTree = "<group>"; };
		BA035F6F1D97C5A900B616AB /* ViewController.swift */ = {isa = PBXFileReference; lastKnownFileType = sourcecode.swift; path = ViewController.swift; sourceTree = "<group>"; };
		BA035F721D97C5A900B616AB /* Base */ = {isa = PBXFileReference; lastKnownFileType = file.storyboard; name = Base; path = Base.lproj/Main.storyboard; sourceTree = "<group>"; };
		BA035F741D97C5A900B616AB /* Assets.xcassets */ = {isa = PBXFileReference; lastKnownFileType = folder.assetcatalog; path = Assets.xcassets; sourceTree = "<group>"; };
		BA035F771D97C5A900B616AB /* Base */ = {isa = PBXFileReference; lastKnownFileType = file.storyboard; name = Base; path = Base.lproj/LaunchScreen.storyboard; sourceTree = "<group>"; };
		BA035F791D97C5A900B616AB /* Info.plist */ = {isa = PBXFileReference; lastKnownFileType = text.plist.xml; path = Info.plist; sourceTree = "<group>"; };
		BA035FBD1D97CB8700B616AB /* TitanKit.framework */ = {isa = PBXFileReference; lastKnownFileType = wrapper.framework; name = TitanKit.framework; path = "../../../../../Library/Developer/Xcode/DerivedData/Titan-eiqsjetwxiovpshiyjylrjnfphzz/Build/Products/Debug-iphonesimulator/TitanKit.framework"; sourceTree = "<group>"; };
/* End PBXFileReference section */

/* Begin PBXFrameworksBuildPhase section */
		BA035F671D97C5A900B616AB /* Frameworks */ = {
			isa = PBXFrameworksBuildPhase;
			buildActionMask = 2147483647;
			files = (
				BA035FBE1D97CB8700B616AB /* TitanKit.framework in Frameworks */,
			);
			runOnlyForDeploymentPostprocessing = 0;
		};
/* End PBXFrameworksBuildPhase section */

/* Begin PBXGroup section */
		BA035F611D97C5A900B616AB = {
			isa = PBXGroup;
			children = (
				BA035F6C1D97C5A900B616AB /* Titan iOS */,
				BA035F6B1D97C5A900B616AB /* Products */,
				BA035FBC1D97CB8700B616AB /* Frameworks */,
			);
			sourceTree = "<group>";
		};
		BA035F6B1D97C5A900B616AB /* Products */ = {
			isa = PBXGroup;
			children = (
				BA035F6A1D97C5A900B616AB /* Titan iOS.app */,
			);
			name = Products;
			sourceTree = "<group>";
		};
		BA035F6C1D97C5A900B616AB /* Titan iOS */ = {
			isa = PBXGroup;
			children = (
				BA035F6D1D97C5A900B616AB /* AppDelegate.swift */,
				BA035F6F1D97C5A900B616AB /* ViewController.swift */,
				BA035F711D97C5A900B616AB /* Main.storyboard */,
				BA035F741D97C5A900B616AB /* Assets.xcassets */,
				BA035F761D97C5A900B616AB /* LaunchScreen.storyboard */,
				BA035F791D97C5A900B616AB /* Info.plist */,
			);
			path = "Titan iOS";
			sourceTree = "<group>";
		};
		BA035FBC1D97CB8700B616AB /* Frameworks */ = {
			isa = PBXGroup;
			children = (
				BA035FBD1D97CB8700B616AB /* TitanKit.framework */,
			);
			name = Frameworks;
			sourceTree = "<group>";
		};
/* End PBXGroup section */

/* Begin PBXNativeTarget section */
		BA035F691D97C5A900B616AB /* Titan iOS */ = {
			isa = PBXNativeTarget;
			buildConfigurationList = BA035F7C1D97C5A900B616AB /* Build configuration list for PBXNativeTarget "Titan iOS" */;
			buildPhases = (
				BA035F661D97C5A900B616AB /* Sources */,
				BA035F671D97C5A900B616AB /* Frameworks */,
				BA035F681D97C5A900B616AB /* Resources */,
				BA035FBB1D97CB3200B616AB /* Embed Frameworks */,
			);
			buildRules = (
			);
			dependencies = (
			);
			name = "Titan iOS";
			productName = "Titan iOS";
			productReference = BA035F6A1D97C5A900B616AB /* Titan iOS.app */;
			productType = "com.apple.product-type.application";
		};
/* End PBXNativeTarget section */

/* Begin PBXProject section */
		BA035F621D97C5A900B616AB /* Project object */ = {
			isa = PBXProject;
			attributes = {
				LastSwiftUpdateCheck = 0800;
				LastUpgradeCheck = 0800;
				ORGANIZATIONNAME = fe;
				TargetAttributes = {
					BA035F691D97C5A900B616AB = {
						CreatedOnToolsVersion = 8.0;
						DevelopmentTeam = U8CXVPE3MM;
						ProvisioningStyle = Automatic;
					};
				};
			};
			buildConfigurationList = BA035F651D97C5A900B616AB /* Build configuration list for PBXProject "Titan iOS" */;
			compatibilityVersion = "Xcode 3.2";
			developmentRegion = English;
			hasScannedForEncodings = 0;
			knownRegions = (
				en,
				Base,
			);
			mainGroup = BA035F611D97C5A900B616AB;
			productRefGroup = BA035F6B1D97C5A900B616AB /* Products */;
			projectDirPath = "";
			projectRoot = "";
			targets = (
				BA035F691D97C5A900B616AB /* Titan iOS */,
			);
		};
/* End PBXProject section */

/* Begin PBXResourcesBuildPhase section */
		BA035F681D97C5A900B616AB /* Resources */ = {
			isa = PBXResourcesBuildPhase;
			buildActionMask = 2147483647;
			files = (
				BA035F781D97C5A900B616AB /* LaunchScreen.storyboard in Resources */,
				BA035F751D97C5A900B616AB /* Assets.xcassets in Resources */,
				BA035F731D97C5A900B616AB /* Main.storyboard in Resources */,
			);
			runOnlyForDeploymentPostprocessing = 0;
		};
/* End PBXResourcesBuildPhase section */

/* Begin PBXSourcesBuildPhase section */
		BA035F661D97C5A900B616AB /* Sources */ = {
			isa = PBXSourcesBuildPhase;
			buildActionMask = 2147483647;
			files = (
				BA035F701D97C5A900B616AB /* ViewController.swift in Sources */,
				BA035F6E1D97C5A900B616AB /* AppDelegate.swift in Sources */,
			);
			runOnlyForDeploymentPostprocessing = 0;
		};
/* End PBXSourcesBuildPhase section */

/* Begin PBXVariantGroup section */
		BA035F711D97C5A900B616AB /* Main.storyboard */ = {
			isa = PBXVariantGroup;
			children = (
				BA035F721D97C5A900B616AB /* Base */,
			);
			name = Main.storyboard;
			sourceTree = "<group>";
		};
		BA035F761D97C5A900B616AB /* LaunchScreen.storyboard */ = {
			isa = PBXVariantGroup;
			children = (
				BA035F771D97C5A900B616AB /* Base */,
			);
			name = LaunchScreen.storyboard;
			sourceTree = "<group>";
		};
/* End PBXVariantGroup section */

/* Begin XCBuildConfiguration section */
		BA035F7A1D97C5A900B616AB /* Debug */ = {
			isa = XCBuildConfiguration;
			buildSettings = {
				ALWAYS_SEARCH_USER_PATHS = NO;
				CLANG_ANALYZER_NONNULL = YES;
				CLANG_CXX_LANGUAGE_STANDARD = "gnu++0x";
				CLANG_CXX_LIBRARY = "libc++";
				CLANG_ENABLE_MODULES = YES;
				CLANG_ENABLE_OBJC_ARC = YES;
				CLANG_WARN_BOOL_CONVERSION = YES;
				CLANG_WARN_CONSTANT_CONVERSION = YES;
				CLANG_WARN_DIRECT_OBJC_ISA_USAGE = YES_ERROR;
				CLANG_WARN_DOCUMENTATION_COMMENTS = YES;
				CLANG_WARN_EMPTY_BODY = YES;
				CLANG_WARN_ENUM_CONVERSION = YES;
				CLANG_WARN_INFINITE_RECURSION = YES;
				CLANG_WARN_INT_CONVERSION = YES;
				CLANG_WARN_OBJC_ROOT_CLASS = YES_ERROR;
				CLANG_WARN_SUSPICIOUS_MOVES = YES;
				CLANG_WARN_UNREACHABLE_CODE = YES;
				CLANG_WARN__DUPLICATE_METHOD_MATCH = YES;
				"CODE_SIGN_IDENTITY[sdk=iphoneos*]" = "iPhone Developer";
				COPY_PHASE_STRIP = NO;
				DEBUG_INFORMATION_FORMAT = dwarf;
				ENABLE_STRICT_OBJC_MSGSEND = YES;
				ENABLE_TESTABILITY = YES;
				GCC_C_LANGUAGE_STANDARD = gnu99;
				GCC_DYNAMIC_NO_PIC = NO;
				GCC_NO_COMMON_BLOCKS = YES;
				GCC_OPTIMIZATION_LEVEL = 0;
				GCC_PREPROCESSOR_DEFINITIONS = (
					"DEBUG=1",
					"$(inherited)",
				);
				GCC_WARN_64_TO_32_BIT_CONVERSION = YES;
				GCC_WARN_ABOUT_RETURN_TYPE = YES_ERROR;
				GCC_WARN_UNDECLARED_SELECTOR = YES;
				GCC_WARN_UNINITIALIZED_AUTOS = YES_AGGRESSIVE;
				GCC_WARN_UNUSED_FUNCTION = YES;
				GCC_WARN_UNUSED_VARIABLE = YES;
				IPHONEOS_DEPLOYMENT_TARGET = 10.0;
				MTL_ENABLE_DEBUG_INFO = YES;
				ONLY_ACTIVE_ARCH = YES;
				SDKROOT = iphoneos;
				SWIFT_ACTIVE_COMPILATION_CONDITIONS = DEBUG;
				SWIFT_OPTIMIZATION_LEVEL = "-Onone";
				TARGETED_DEVICE_FAMILY = "1,2";
			};
			name = Debug;
		};
		BA035F7B1D97C5A900B616AB /* Release */ = {
			isa = XCBuildConfiguration;
			buildSettings = {
				ALWAYS_SEARCH_USER_PATHS = NO;
				CLANG_ANALYZER_NONNULL = YES;
				CLANG_CXX_LANGUAGE_STANDARD = "gnu++0x";
				CLANG_CXX_LIBRARY = "libc++";
				CLANG_ENABLE_MODULES = YES;
				CLANG_ENABLE_OBJC_ARC = YES;
				CLANG_WARN_BOOL_CONVERSION = YES;
				CLANG_WARN_CONSTANT_CONVERSION = YES;
				CLANG_WARN_DIRECT_OBJC_ISA_USAGE = YES_ERROR;
				CLANG_WARN_DOCUMENTATION_COMMENTS = YES;
				CLANG_WARN_EMPTY_BODY = YES;
				CLANG_WARN_ENUM_CONVERSION = YES;
				CLANG_WARN_INFINITE_RECURSION = YES;
				CLANG_WARN_INT_CONVERSION = YES;
				CLANG_WARN_OBJC_ROOT_CLASS = YES_ERROR;
				CLANG_WARN_SUSPICIOUS_MOVES = YES;
				CLANG_WARN_UNREACHABLE_CODE = YES;
				CLANG_WARN__DUPLICATE_METHOD_MATCH = YES;
				"CODE_SIGN_IDENTITY[sdk=iphoneos*]" = "iPhone Developer";
				COPY_PHASE_STRIP = NO;
				DEBUG_INFORMATION_FORMAT = "dwarf-with-dsym";
				ENABLE_NS_ASSERTIONS = NO;
				ENABLE_STRICT_OBJC_MSGSEND = YES;
				GCC_C_LANGUAGE_STANDARD = gnu99;
				GCC_NO_COMMON_BLOCKS = YES;
				GCC_WARN_64_TO_32_BIT_CONVERSION = YES;
				GCC_WARN_ABOUT_RETURN_TYPE = YES_ERROR;
				GCC_WARN_UNDECLARED_SELECTOR = YES;
				GCC_WARN_UNINITIALIZED_AUTOS = YES_AGGRESSIVE;
				GCC_WARN_UNUSED_FUNCTION = YES;
				GCC_WARN_UNUSED_VARIABLE = YES;
				IPHONEOS_DEPLOYMENT_TARGET = 10.0;
				MTL_ENABLE_DEBUG_INFO = NO;
				SDKROOT = iphoneos;
				SWIFT_OPTIMIZATION_LEVEL = "-Owholemodule";
				TARGETED_DEVICE_FAMILY = "1,2";
				VALIDATE_PRODUCT = YES;
			};
			name = Release;
		};
		BA035F7D1D97C5A900B616AB /* Debug */ = {
			isa = XCBuildConfiguration;
			buildSettings = {
				ASSETCATALOG_COMPILER_APPICON_NAME = AppIcon;
				DEVELOPMENT_TEAM = U8CXVPE3MM;
				INFOPLIST_FILE = "Titan iOS/Info.plist";
				LD_RUNPATH_SEARCH_PATHS = "$(inherited) @executable_path/Frameworks";
				PRODUCT_BUNDLE_IDENTIFIER = "com.fe.Titan-iOS";
				PRODUCT_NAME = "$(TARGET_NAME)";
				SWIFT_VERSION = 3.0;
			};
			name = Debug;
		};
		BA035F7E1D97C5A900B616AB /* Release */ = {
			isa = XCBuildConfiguration;
			buildSettings = {
				ASSETCATALOG_COMPILER_APPICON_NAME = AppIcon;
				DEVELOPMENT_TEAM = U8CXVPE3MM;
				INFOPLIST_FILE = "Titan iOS/Info.plist";
				LD_RUNPATH_SEARCH_PATHS = "$(inherited) @executable_path/Frameworks";
				PRODUCT_BUNDLE_IDENTIFIER = "com.fe.Titan-iOS";
				PRODUCT_NAME = "$(TARGET_NAME)";
				SWIFT_VERSION = 3.0;
			};
			name = Release;
		};
/* End XCBuildConfiguration section */

/* Begin XCConfigurationList section */
		BA035F651D97C5A900B616AB /* Build configuration list for PBXProject "Titan iOS" */ = {
			isa = XCConfigurationList;
			buildConfigurations = (
				BA035F7A1D97C5A900B616AB /* Debug */,
				BA035F7B1D97C5A900B616AB /* Release */,
			);
			defaultConfigurationIsVisible = 0;
			defaultConfigurationName = Release;
		};
		BA035F7C1D97C5A900B616AB /* Build configuration list for PBXNativeTarget "Titan iOS" */ = {
			isa = XCConfigurationList;
			buildConfigurations = (
				BA035F7D1D97C5A900B616AB /* Debug */,
				BA035F7E1D97C5A900B616AB /* Release */,
			);
			defaultConfigurationIsVisible = 0;
		};
/* End XCConfigurationList section */
	};
	rootObject = BA035F621D97C5A900B616AB /* Project object */;
}
