// !$*UTF8*$!
{
	archiveVersion = 1;
	classes = {
	};
	objectVersion = 46;
	objects = {

/* Begin PBXBuildFile section */
		BA035FB11D97C90D00B616AB /* TitanKit.framework in Frameworks */ = {isa = PBXBuildFile; fileRef = BA035FB01D97C90D00B616AB /* TitanKit.framework */; };
		BA035FB21D97C90D00B616AB /* TitanKit.framework in Embed Frameworks */ = {isa = PBXBuildFile; fileRef = BA035FB01D97C90D00B616AB /* TitanKit.framework */; settings = {ATTRIBUTES = (CodeSignOnCopy, RemoveHeadersOnCopy, ); }; };
		BAEFE7BD1D97BE810081A5FE /* AppDelegate.swift in Sources */ = {isa = PBXBuildFile; fileRef = BAEFE7BC1D97BE810081A5FE /* AppDelegate.swift */; };
		BAEFE7BF1D97BE810081A5FE /* ViewController.swift in Sources */ = {isa = PBXBuildFile; fileRef = BAEFE7BE1D97BE810081A5FE /* ViewController.swift */; };
		BAEFE7C11D97BE810081A5FE /* Assets.xcassets in Resources */ = {isa = PBXBuildFile; fileRef = BAEFE7C01D97BE810081A5FE /* Assets.xcassets */; };
		BAEFE7C41D97BE810081A5FE /* Main.storyboard in Resources */ = {isa = PBXBuildFile; fileRef = BAEFE7C21D97BE810081A5FE /* Main.storyboard */; };
/* End PBXBuildFile section */

/* Begin PBXCopyFilesBuildPhase section */
		BA035FB31D97C90D00B616AB /* Embed Frameworks */ = {
			isa = PBXCopyFilesBuildPhase;
			buildActionMask = 2147483647;
			dstPath = "";
			dstSubfolderSpec = 10;
			files = (
				BA035FB21D97C90D00B616AB /* TitanKit.framework in Embed Frameworks */,
			);
			name = "Embed Frameworks";
			runOnlyForDeploymentPostprocessing = 0;
		};
/* End PBXCopyFilesBuildPhase section */

/* Begin PBXFileReference section */
		BA035FB01D97C90D00B616AB /* TitanKit.framework */ = {isa = PBXFileReference; explicitFileType = wrapper.framework; path = TitanKit.framework; sourceTree = BUILT_PRODUCTS_DIR; };
		BAEFE7B91D97BE810081A5FE /* Titan.app */ = {isa = PBXFileReference; explicitFileType = wrapper.application; includeInIndex = 0; path = Titan.app; sourceTree = BUILT_PRODUCTS_DIR; };
		BAEFE7BC1D97BE810081A5FE /* AppDelegate.swift */ = {isa = PBXFileReference; lastKnownFileType = sourcecode.swift; path = AppDelegate.swift; sourceTree = "<group>"; };
		BAEFE7BE1D97BE810081A5FE /* ViewController.swift */ = {isa = PBXFileReference; lastKnownFileType = sourcecode.swift; path = ViewController.swift; sourceTree = "<group>"; };
		BAEFE7C01D97BE810081A5FE /* Assets.xcassets */ = {isa = PBXFileReference; lastKnownFileType = folder.assetcatalog; path = Assets.xcassets; sourceTree = "<group>"; };
		BAEFE7C31D97BE810081A5FE /* Base */ = {isa = PBXFileReference; lastKnownFileType = file.storyboard; name = Base; path = Base.lproj/Main.storyboard; sourceTree = "<group>"; };
		BAEFE7C51D97BE810081A5FE /* Info.plist */ = {isa = PBXFileReference; lastKnownFileType = text.plist.xml; path = Info.plist; sourceTree = "<group>"; };
/* End PBXFileReference section */

/* Begin PBXFrameworksBuildPhase section */
		BAEFE7B61D97BE810081A5FE /* Frameworks */ = {
			isa = PBXFrameworksBuildPhase;
			buildActionMask = 2147483647;
			files = (
				BA035FB11D97C90D00B616AB /* TitanKit.framework in Frameworks */,
			);
			runOnlyForDeploymentPostprocessing = 0;
		};
/* End PBXFrameworksBuildPhase section */

/* Begin PBXGroup section */
		BAEFE7B01D97BE810081A5FE = {
			isa = PBXGroup;
			children = (
				BA035FB01D97C90D00B616AB /* TitanKit.framework */,
				BAEFE7BB1D97BE810081A5FE /* Titan */,
				BAEFE7BA1D97BE810081A5FE /* Products */,
			);
			sourceTree = "<group>";
		};
		BAEFE7BA1D97BE810081A5FE /* Products */ = {
			isa = PBXGroup;
			children = (
				BAEFE7B91D97BE810081A5FE /* Titan.app */,
			);
			name = Products;
			sourceTree = "<group>";
		};
		BAEFE7BB1D97BE810081A5FE /* Titan */ = {
			isa = PBXGroup;
			children = (
				BAEFE7BC1D97BE810081A5FE /* AppDelegate.swift */,
				BAEFE7BE1D97BE810081A5FE /* ViewController.swift */,
				BAEFE7C01D97BE810081A5FE /* Assets.xcassets */,
				BAEFE7C21D97BE810081A5FE /* Main.storyboard */,
				BAEFE7C51D97BE810081A5FE /* Info.plist */,
			);
			path = Titan;
			sourceTree = "<group>";
		};
/* End PBXGroup section */

/* Begin PBXNativeTarget section */
		BAEFE7B81D97BE810081A5FE /* Titan */ = {
			isa = PBXNativeTarget;
			buildConfigurationList = BAEFE7C81D97BE810081A5FE /* Build configuration list for PBXNativeTarget "Titan" */;
			buildPhases = (
				BAEFE7B51D97BE810081A5FE /* Sources */,
				BAEFE7B61D97BE810081A5FE /* Frameworks */,
				BAEFE7B71D97BE810081A5FE /* Resources */,
				BA035FB31D97C90D00B616AB /* Embed Frameworks */,
			);
			buildRules = (
			);
			dependencies = (
			);
			name = Titan;
			productName = Titan;
			productReference = BAEFE7B91D97BE810081A5FE /* Titan.app */;
			productType = "com.apple.product-type.application";
		};
/* End PBXNativeTarget section */

/* Begin PBXProject section */
		BAEFE7B11D97BE810081A5FE /* Project object */ = {
			isa = PBXProject;
			attributes = {
				LastSwiftUpdateCheck = 0800;
				LastUpgradeCheck = 0800;
				ORGANIZATIONNAME = fe;
				TargetAttributes = {
					BAEFE7B81D97BE810081A5FE = {
						CreatedOnToolsVersion = 8.0;
						DevelopmentTeam = U8CXVPE3MM;
						ProvisioningStyle = Automatic;
					};
				};
			};
			buildConfigurationList = BAEFE7B41D97BE810081A5FE /* Build configuration list for PBXProject "Titan" */;
			compatibilityVersion = "Xcode 3.2";
			developmentRegion = English;
			hasScannedForEncodings = 0;
			knownRegions = (
				en,
				Base,
			);
			mainGroup = BAEFE7B01D97BE810081A5FE;
			productRefGroup = BAEFE7BA1D97BE810081A5FE /* Products */;
			projectDirPath = "";
			projectRoot = "";
			targets = (
				BAEFE7B81D97BE810081A5FE /* Titan */,
			);
		};
/* End PBXProject section */

/* Begin PBXResourcesBuildPhase section */
		BAEFE7B71D97BE810081A5FE /* Resources */ = {
			isa = PBXResourcesBuildPhase;
			buildActionMask = 2147483647;
			files = (
				BAEFE7C11D97BE810081A5FE /* Assets.xcassets in Resources */,
				BAEFE7C41D97BE810081A5FE /* Main.storyboard in Resources */,
			);
			runOnlyForDeploymentPostprocessing = 0;
		};
/* End PBXResourcesBuildPhase section */

/* Begin PBXSourcesBuildPhase section */
		BAEFE7B51D97BE810081A5FE /* Sources */ = {
			isa = PBXSourcesBuildPhase;
			buildActionMask = 2147483647;
			files = (
				BAEFE7BF1D97BE810081A5FE /* ViewController.swift in Sources */,
				BAEFE7BD1D97BE810081A5FE /* AppDelegate.swift in Sources */,
			);
			runOnlyForDeploymentPostprocessing = 0;
		};
/* End PBXSourcesBuildPhase section */

/* Begin PBXVariantGroup section */
		BAEFE7C21D97BE810081A5FE /* Main.storyboard */ = {
			isa = PBXVariantGroup;
			children = (
				BAEFE7C31D97BE810081A5FE /* Base */,
			);
			name = Main.storyboard;
			sourceTree = "<group>";
		};
/* End PBXVariantGroup section */

/* Begin XCBuildConfiguration section */
		BAEFE7C61D97BE810081A5FE /* Debug */ = {
			isa = XCBuildConfiguration;
			buildSettings = {
				ALWAYS_SEARCH_USER_PATHS = NO;
				CLANG_ANALYZER_NONNULL = YES;
				CLANG_CXX_LANGUAGE_STANDARD = "gnu++0x";
				CLANG_CXX_LIBRARY = "libc++";
				CLANG_ENABLE_MODULES = YES;
				CLANG_ENABLE_OBJC_ARC = YES;
				CLANG_WARN_BOOL_CONVERSION = YES;
				CLANG_WARN_CONSTANT_CONVERSION = YES;
				CLANG_WARN_DIRECT_OBJC_ISA_USAGE = YES_ERROR;
				CLANG_WARN_DOCUMENTATION_COMMENTS = YES;
				CLANG_WARN_EMPTY_BODY = YES;
				CLANG_WARN_ENUM_CONVERSION = YES;
				CLANG_WARN_INFINITE_RECURSION = YES;
				CLANG_WARN_INT_CONVERSION = YES;
				CLANG_WARN_OBJC_ROOT_CLASS = YES_ERROR;
				CLANG_WARN_SUSPICIOUS_MOVES = YES;
				CLANG_WARN_UNREACHABLE_CODE = YES;
				CLANG_WARN__DUPLICATE_METHOD_MATCH = YES;
				CODE_SIGN_IDENTITY = "-";
				COPY_PHASE_STRIP = NO;
				DEBUG_INFORMATION_FORMAT = dwarf;
				ENABLE_STRICT_OBJC_MSGSEND = YES;
				ENABLE_TESTABILITY = YES;
				GCC_C_LANGUAGE_STANDARD = gnu99;
				GCC_DYNAMIC_NO_PIC = NO;
				GCC_NO_COMMON_BLOCKS = YES;
				GCC_OPTIMIZATION_LEVEL = 0;
				GCC_PREPROCESSOR_DEFINITIONS = (
					"DEBUG=1",
					"$(inherited)",
				);
				GCC_WARN_64_TO_32_BIT_CONVERSION = YES;
				GCC_WARN_ABOUT_RETURN_TYPE = YES_ERROR;
				GCC_WARN_UNDECLARED_SELECTOR = YES;
				GCC_WARN_UNINITIALIZED_AUTOS = YES_AGGRESSIVE;
				GCC_WARN_UNUSED_FUNCTION = YES;
				GCC_WARN_UNUSED_VARIABLE = YES;
				MACOSX_DEPLOYMENT_TARGET = 10.11;
				MTL_ENABLE_DEBUG_INFO = YES;
				ONLY_ACTIVE_ARCH = YES;
				SDKROOT = macosx;
				SWIFT_ACTIVE_COMPILATION_CONDITIONS = DEBUG;
				SWIFT_OPTIMIZATION_LEVEL = "-Onone";
			};
			name = Debug;
		};
		BAEFE7C71D97BE810081A5FE /* Release */ = {
			isa = XCBuildConfiguration;
			buildSettings = {
				ALWAYS_SEARCH_USER_PATHS = NO;
				CLANG_ANALYZER_NONNULL = YES;
				CLANG_CXX_LANGUAGE_STANDARD = "gnu++0x";
				CLANG_CXX_LIBRARY = "libc++";
				CLANG_ENABLE_MODULES = YES;
				CLANG_ENABLE_OBJC_ARC = YES;
				CLANG_WARN_BOOL_CONVERSION = YES;
				CLANG_WARN_CONSTANT_CONVERSION = YES;
				CLANG_WARN_DIRECT_OBJC_ISA_USAGE = YES_ERROR;
				CLANG_WARN_DOCUMENTATION_COMMENTS = YES;
				CLANG_WARN_EMPTY_BODY = YES;
				CLANG_WARN_ENUM_CONVERSION = YES;
				CLANG_WARN_INFINITE_RECURSION = YES;
				CLANG_WARN_INT_CONVERSION = YES;
				CLANG_WARN_OBJC_ROOT_CLASS = YES_ERROR;
				CLANG_WARN_SUSPICIOUS_MOVES = YES;
				CLANG_WARN_UNREACHABLE_CODE = YES;
				CLANG_WARN__DUPLICATE_METHOD_MATCH = YES;
				CODE_SIGN_IDENTITY = "-";
				COPY_PHASE_STRIP = NO;
				DEBUG_INFORMATION_FORMAT = "dwarf-with-dsym";
				ENABLE_NS_ASSERTIONS = NO;
				ENABLE_STRICT_OBJC_MSGSEND = YES;
				GCC_C_LANGUAGE_STANDARD = gnu99;
				GCC_NO_COMMON_BLOCKS = YES;
				GCC_WARN_64_TO_32_BIT_CONVERSION = YES;
				GCC_WARN_ABOUT_RETURN_TYPE = YES_ERROR;
				GCC_WARN_UNDECLARED_SELECTOR = YES;
				GCC_WARN_UNINITIALIZED_AUTOS = YES_AGGRESSIVE;
				GCC_WARN_UNUSED_FUNCTION = YES;
				GCC_WARN_UNUSED_VARIABLE = YES;
				MACOSX_DEPLOYMENT_TARGET = 10.11;
				MTL_ENABLE_DEBUG_INFO = NO;
				SDKROOT = macosx;
				SWIFT_OPTIMIZATION_LEVEL = "-Owholemodule";
			};
			name = Release;
		};
		BAEFE7C91D97BE810081A5FE /* Debug */ = {
			isa = XCBuildConfiguration;
			buildSettings = {
				ASSETCATALOG_COMPILER_APPICON_NAME = AppIcon;
				COMBINE_HIDPI_IMAGES = YES;
				DEVELOPMENT_TEAM = U8CXVPE3MM;
				INFOPLIST_FILE = Titan/Info.plist;
				LD_RUNPATH_SEARCH_PATHS = "$(inherited) @executable_path/../Frameworks";
				PRODUCT_BUNDLE_IDENTIFIER = com.fe.Titan;
				PRODUCT_NAME = "$(TARGET_NAME)";
				SWIFT_VERSION = 3.0;
			};
			name = Debug;
		};
		BAEFE7CA1D97BE810081A5FE /* Release */ = {
			isa = XCBuildConfiguration;
			buildSettings = {
				ASSETCATALOG_COMPILER_APPICON_NAME = AppIcon;
				COMBINE_HIDPI_IMAGES = YES;
				DEVELOPMENT_TEAM = U8CXVPE3MM;
				INFOPLIST_FILE = Titan/Info.plist;
				LD_RUNPATH_SEARCH_PATHS = "$(inherited) @executable_path/../Frameworks";
				PRODUCT_BUNDLE_IDENTIFIER = com.fe.Titan;
				PRODUCT_NAME = "$(TARGET_NAME)";
				SWIFT_VERSION = 3.0;
			};
			name = Release;
		};
/* End XCBuildConfiguration section */

/* Begin XCConfigurationList section */
		BAEFE7B41D97BE810081A5FE /* Build configuration list for PBXProject "Titan" */ = {
			isa = XCConfigurationList;
			buildConfigurations = (
				BAEFE7C61D97BE810081A5FE /* Debug */,
				BAEFE7C71D97BE810081A5FE /* Release */,
			);
			defaultConfigurationIsVisible = 0;
			defaultConfigurationName = Release;
		};
		BAEFE7C81D97BE810081A5FE /* Build configuration list for PBXNativeTarget "Titan" */ = {
			isa = XCConfigurationList;
			buildConfigurations = (
				BAEFE7C91D97BE810081A5FE /* Debug */,
				BAEFE7CA1D97BE810081A5FE /* Release */,
			);
			defaultConfigurationIsVisible = 0;
			defaultConfigurationName = Release;
		};
/* End XCConfigurationList section */
	};
	rootObject = BAEFE7B11D97BE810081A5FE /* Project object */;
}
